dependencies:
  espressif/brookesia_agent_manager:
    component_hash: 2e24f02bcbc9f4a827f44385a4a122139f2e847b026ce72e607a9bd4fd15033c
    dependencies:
    - name: espressif/brookesia_service_helper
      registry_url: https://components.espressif.com
      require: private
      version: 0.8.*
    - name: espressif/brookesia_service_sntp
      registry_url: https://components.espressif.com
      require: private
      version: 0.8.*
    source:
      registry_url: https://components.espressif.com
      type: service
    version: 0.8.2
  espressif/brookesia_agent_openai:
    component_hash: 68207267754c751e670472088f3a5b85bea0e1305ef3847ffd7e64dee70a869a
    dependencies:
    - name: espressif/brookesia_agent_manager
      registry_url: https://components.espressif.com
      require: private
      version: 0.8.*
    - name: espressif/cjson
      registry_url: https://components.espressif.com
      require: private
      rules:
      - if: idf_version >=6.0
      version: ^1.7.19
    - name: espressif/esp_peer
      registry_url: https://components.espressif.com
      require: private
      version: ^1.2.2
    source:
      registry_url: https://components.espressif.com/
      type: service
    version: 0.8.1
  espressif/brookesia_app_files:
    component_hash: 4ed0c8492ce4b22fc5b535d299d663dbae60cccb1137e72666df05e6307f9de8
    dependencies:
    - name: espressif/brookesia_service_helper
      registry_url: https://components.espressif.com
      require: private
      version: 0.8.*
    - name: espressif/brookesia_service_storage
      registry_url: https://components.espressif.com
      require: private
      version: 0.8.*
    - name: espressif/brookesia_system_core
      registry_url: https://components.espressif.com
      require: private
      version: 0.8.*
    source:
      registry_url: https://components.espressif.com/
      type: service
    version: 0.8.2
  espressif/brookesia_app_settings:
    component_hash: 46dd5de734a74672203240420fd52967b3f61f9882b600813d24b1fccd3204a5
    dependencies:
    - name: espressif/brookesia_hal_interface
      registry_url: https://components.espressif.com
      require: private
      version: 0.8.*
    - name: espressif/brookesia_service_device
      registry_url: https://components.espressif.com
      require: private
      version: 0.8.*
    - name: espressif/brookesia_service_sntp
      registry_url: https://components.espressif.com
      require: private
      version: 0.8.*
    - name: espressif/brookesia_service_storage
      registry_url: https://components.espressif.com
      require: private
      version: 0.8.*
    - name: espressif/brookesia_service_wifi
      registry_url: https://components.espressif.com
      require: private
      version: 0.8.*
    - name: espressif/brookesia_system_core
      registry_url: https://components.espressif.com
      require: private
      version: 0.8.*
    source:
      registry_url: https://components.espressif.com/
      type: service
    version: 0.8.3
  espressif/brookesia_app_store:
    component_hash: ad0bbb0e101e79c88cf1686fe7dc27c3428e8499451ae46b5cac744845eb5036
    dependencies:
    - name: espressif/brookesia_service_device
      registry_url: https://components.espressif.com
      require: private
      version: 0.8.*
    - name: espressif/brookesia_service_helper
      registry_url: https://components.espressif.com
      require: private
      version: 0.8.*
    - name: espressif/brookesia_service_http
      registry_url: https://components.espressif.com
      require: private
      version: 0.8.*
    - name: espressif/brookesia_service_storage
      registry_url: https://components.espressif.com
      require: private
      version: 0.8.*
    - name: espressif/brookesia_system_core
      registry_url: https://components.espressif.com
      require: private
      version: 0.8.*
    source:
      registry_url: https://components.espressif.com/
      type: service
    version: 0.8.2
  espressif/brookesia_gui_interface:
    component_hash: 8fdb7914e96fb869f2b4cd9bc590af06e1928a78cb1f64526f6cc2979080a2a2
    dependencies:
    - name: espressif/brookesia_lib_utils
      registry_url: https://components.espressif.com
      require: private
      version: 0.8.*
    - name: espressif/brookesia_service_helper
      registry_url: https://components.espressif.com
      require: private
      version: 0.8.*
    source:
      registry_url: https://components.espressif.com
      type: service
    version: 0.8.2
  espressif/brookesia_gui_lvgl:
    component_hash: b0f444b1edc792211709695493c00e96386f2e57d20e7c8b8e12510aa3990b51
    dependencies:
    - name: espressif/brookesia_gui_interface
      registry_url: https://components.espressif.com
      require: private
      version: 0.8.*
    - name: espressif/brookesia_hal_interface
      registry_url: https://components.espressif.com
      require: private
      version: 0.8.*
    - name: espressif/brookesia_lib_utils
      registry_url: https://components.espressif.com
      require: private
      version: 0.8.*
    - name: espressif/brookesia_service_display
      registry_url: https://components.espressif.com
      require: private
      version: 0.8.*
    - name: espressif/brookesia_service_helper
      registry_url: https://components.espressif.com
      require: private
      version: 0.8.*
    - name: espressif/esp_lvgl_adapter
      registry_url: https://components.espressif.com
      require: private
      version: 0.6.*
    - name: lvgl/lvgl
      registry_url: https://components.espressif.com
      require: private
      version: 9.5.0
    source:
      registry_url: https://components.espressif.com/
      type: service
    version: 0.8.5
  espressif/brookesia_hal_adaptor:
    component_hash: e4cbe9d919117cb4d420c5b54140f81e05382243c9e1c8d8acf9aa13e2ddc75c
    dependencies:
    - name: espressif/brookesia_hal_interface
      registry_url: https://components.espressif.com
      require: private
      version: 0.8.*
    - matches:
      - if: $CONFIG{BROOKESIA_HAL_ADAPTOR_ENABLE_SYSTEM_DEVICE} == True && $CONFIG{BROOKESIA_HAL_ADAPTOR_SYSTEM_ENABLE_BOARD_INFO_IMPL} == True
      - if: $CONFIG{BROOKESIA_HAL_ADAPTOR_ENABLE_SYSTEM_DEVICE} == True && $CONFIG{BROOKESIA_HAL_ADAPTOR_SYSTEM_ENABLE_OTA_UPDATER_IMPL} == True
      - if: $CONFIG{BROOKESIA_HAL_ADAPTOR_ENABLE_AUDIO_DEVICE} == True
      - if: $CONFIG{BROOKESIA_HAL_ADAPTOR_ENABLE_BT_DEVICE} == True
      - if: $CONFIG{BROOKESIA_HAL_ADAPTOR_ENABLE_VIDEO_DEVICE} == True && $CONFIG{BROOKESIA_HAL_ADAPTOR_VIDEO_ENABLE_CAMERA_IMPL} == True
      - if: $CONFIG{BROOKESIA_HAL_ADAPTOR_ENABLE_DISPLAY_DEVICE} == True
      - if: $CONFIG{BROOKESIA_HAL_ADAPTOR_ENABLE_STORAGE_DEVICE} == True && $CONFIG{BROOKESIA_HAL_ADAPTOR_STORAGE_ENABLE_FILE_SYSTEM_IMPL} == True && $CONFIG{BROOKESIA_HAL_ADAPTOR_STORAGE_FILE_SYSTEM_ENABLE_SPIFFS} == True
      - if: $CONFIG{BROOKESIA_HAL_ADAPTOR_ENABLE_STORAGE_DEVICE} == True && $CONFIG{BROOKESIA_HAL_ADAPTOR_STORAGE_ENABLE_FILE_SYSTEM_IMPL} == True && $CONFIG{BROOKESIA_HAL_ADAPTOR_STORAGE_FILE_SYSTEM_ENABLE_SDCARD} == True
      - if: $CONFIG{BROOKESIA_HAL_ADAPTOR_ENABLE_POWER_DEVICE} == True
      name: espressif/esp_board_manager
      registry_url: https://components.espressif.com
      require: private
      version: 0.5.*
    - matches:
      - if: target in [esp32, esp32s31] && $CONFIG{BROOKESIA_HAL_ADAPTOR_ENABLE_BT_DEVICE} == True && $CONFIG{BT_CONTROLLER_ENABLED} == True && $CONFIG{BT_CLASSIC_ENABLED} == True && $CONFIG{BT_BLUEDROID_ENABLED} == True && $CONFIG{BT_A2DP_ENABLE} == True
      name: espressif/esp_bt_audio
      registry_url: https://components.espressif.com
      require: private
      version: ^0.8
    - matches:
      - if: target in [esp32p4] && $CONFIG{BROOKESIA_HAL_ADAPTOR_ENABLE_WIFI_DEVICE} == True
      name: espressif/esp_hosted
      registry_url: https://components.espressif.com
      require: no
      version: 2.12.3
    - matches:
      - if: $CONFIG{BROOKESIA_HAL_ADAPTOR_ENABLE_VIDEO_DEVICE} == True && $CONFIG{BROOKESIA_HAL_ADAPTOR_VIDEO_ENABLE_CAMERA_IMPL} == True
      name: espressif/esp_video
      registry_url: https://components.espressif.com
      require: private
      version: 2.2.*
    - matches:
      - if: target in [esp32p4] && $CONFIG{BROOKESIA_HAL_ADAPTOR_ENABLE_WIFI_DEVICE} == True
      name: espressif/esp_wifi_remote
      registry_url: https://components.espressif.com
      require: no
      version: '>=0.10,<2.0'
    - matches:
      - if: target in [esp32, esp32s31] && $CONFIG{BROOKESIA_HAL_ADAPTOR_ENABLE_BT_DEVICE} == True && $CONFIG{BT_CONTROLLER_ENABLED} == True && $CONFIG{BT_CLASSIC_ENABLED} == True && $CONFIG{BT_BLUEDROID_ENABLED} == True && $CONFIG{BT_A2DP_ENABLE} == True
      name: espressif/gmf_audio
      registry_url: https://components.espressif.com
      require: private
      version: ^0.8
    - matches:
      - if: target in [esp32, esp32s31] && $CONFIG{BROOKESIA_HAL_ADAPTOR_ENABLE_BT_DEVICE} == True && $CONFIG{BT_CONTROLLER_ENABLED} == True && $CONFIG{BT_CLASSIC_ENABLED} == True && $CONFIG{BT_BLUEDROID_ENABLED} == True && $CONFIG{BT_A2DP_ENABLE} == True
      name: espressif/gmf_io
      registry_url: https://components.espressif.com
      require: private
      version: ^0.8
    - matches:
      - if: $CONFIG{BROOKESIA_HAL_ADAPTOR_ENABLE_AUDIO_DEVICE} == True && $CONFIG{BROOKESIA_HAL_ADAPTOR_AUDIO_ENABLE_PROCESSOR_IMPL} == True
      - if: $CONFIG{BROOKESIA_HAL_ADAPTOR_ENABLE_VIDEO_DEVICE} == True && $CONFIG{BROOKESIA_HAL_ADAPTOR_VIDEO_ENABLE_ENCODER_IMPL} == True
      - if: $CONFIG{BROOKESIA_HAL_ADAPTOR_ENABLE_VIDEO_DEVICE} == True && $CONFIG{BROOKESIA_HAL_ADAPTOR_VIDEO_ENABLE_DECODER_IMPL} == True
      name: espressif/media_lib_sal
      registry_url: https://components.espressif.com
      require: private
      version: 0.9.3
    - matches:
      - if: $CONFIG{BROOKESIA_HAL_ADAPTOR_ENABLE_AUDIO_DEVICE} == True && $CONFIG{BROOKESIA_HAL_ADAPTOR_AUDIO_ENABLE_PROCESSOR_IMPL} == True
      - if: $CONFIG{BROOKESIA_HAL_ADAPTOR_ENABLE_VIDEO_DEVICE} == True && $CONFIG{BROOKESIA_HAL_ADAPTOR_VIDEO_ENABLE_ENCODER_IMPL} == True
      - if: $CONFIG{BROOKESIA_HAL_ADAPTOR_ENABLE_VIDEO_DEVICE} == True && $CONFIG{BROOKESIA_HAL_ADAPTOR_VIDEO_ENABLE_DECODER_IMPL} == True
      name: jason-mao/av_processor
      registry_url: https://components.espressif.com
      require: private
      version: 0.6.*
    - matches:
      - if: $CONFIG{BROOKESIA_HAL_ADAPTOR_ENABLE_STORAGE_DEVICE} == True && $CONFIG{BROOKESIA_HAL_ADAPTOR_STORAGE_ENABLE_FILE_SYSTEM_IMPL} == True && $CONFIG{BROOKESIA_HAL_ADAPTOR_STORAGE_FILE_SYSTEM_ENABLE_LITTLEFS} == True
      name: joltwallet/littlefs
      registry_url: https://components.espressif.com
      require: private
      version: 1.*
    source:
      registry_url: https://components.espressif.com/
      type: service
    version: 0.8.4
  espressif/brookesia_hal_boards:
    component_hash: df5675923a8617fa3afbb28dffb8b88e6688be2d9a7dd38f68a4b70e5ee298ce
    dependencies:
    - name: espressif/esp_board_manager
      registry_url: https://components.espressif.com
      require: private
      version: 0.5.*
    source:
      registry_url: https://components.espressif.com/
      type: service
    version: 0.8.0
  espressif/brookesia_hal_interface:
    component_hash: aef0a1f2346c1aa7d8b9675042801bd54664f9f9ffb9c0cfe4e7500aa07d0b53
    dependencies:
    - name: espressif/brookesia_lib_utils
      registry_url: https://components.espressif.com
      require: private
      version: 0.8.*
    source:
      registry_url: https://components.espressif.com/
      type: service
    version: 0.8.2
  espressif/brookesia_lib_utils:
    component_hash: d68f7e6dcb2f40d4d69f875c2c5e0051b5d8cf3971cdbe35369f2f3f2098311d
    dependencies:
    - name: espressif/cmake_utilities
      registry_url: https://components.espressif.com
      require: private
      version: 0.*
    - name: espressif/esp-boost
      registry_url: https://components.espressif.com
      require: private
      version: 0.6.*
    - name: idf
      require: private
      version: '>=6.0,<=6.2'
    source:
      registry_url: https://components.espressif.com
      type: service
    version: 0.8.2
  espressif/brookesia_runtime_js:
    component_hash: be4ae9c11b34b259ea9148fb3b4f475125587849d2b635bc2c8c5026883359cb
    dependencies:
    - name: espressif/brookesia_runtime_manager
      registry_url: https://components.espressif.com
      require: private
      version: 0.8.*
    - name: espressif/brookesia_service_helper
      registry_url: https://components.espressif.com
      require: private
      version: 0.8.*
    - name: espressif/quickjs-ng
      registry_url: https://components.espressif.com
      require: private
      version: 0.14.*
    source:
      registry_url: https://components.espressif.com/
      type: service
    version: 0.8.3
  espressif/brookesia_runtime_manager:
    component_hash: c98f5275d666e62dc8384a164b240ec2497885aacf3c2d9d81cb4282433008d8
    dependencies:
    - name: espressif/brookesia_lib_utils
      registry_url: https://components.espressif.com
      require: private
      version: 0.8.*
    source:
      registry_url: https://components.espressif.com
      type: service
    version: 0.8.2
  espressif/brookesia_service_audio:
    component_hash: fa2c42fa777aad7b2f5b8dab3829c7e2448fd211f3dc29418eb1353662e53afc
    dependencies:
    - name: espressif/brookesia_service_helper
      registry_url: https://components.espressif.com
      require: private
      version: 0.8.*
    - name: espressif/brookesia_service_storage
      registry_url: https://components.espressif.com
      require: private
      version: 0.8.*
    source:
      registry_url: https://components.espressif.com/
      type: service
    version: 0.8.2
  espressif/brookesia_service_device:
    component_hash: c2439f25fcdb6a4ef556d5537fd4aa89a5bcdda28eb8a08b983168db2662511d
    dependencies:
    - name: espressif/brookesia_service_helper
      registry_url: https://components.espressif.com
      require: private
      version: 0.8.*
    source:
      registry_url: https://components.espressif.com/
      type: service
    version: 0.8.2
  espressif/brookesia_service_display:
    component_hash: 2cd3731644ea9f7b93ad439f8de6210baeb1a85fec7bcfe09a97ec285aabd4be
    dependencies:
    - name: espressif/brookesia_service_helper
      registry_url: https://components.espressif.com
      require: private
      version: 0.8.*
    - name: espressif/brookesia_service_storage
      registry_url: https://components.espressif.com
      require: private
      version: 0.8.*
    source:
      registry_url: https://components.espressif.com/
      type: service
    version: 0.8.2
  espressif/brookesia_service_helper:
    component_hash: 86207780be249fd45d32d0d263d011bd5415ffb61ef219ff4a70fe35b63277d7
    dependencies:
    - name: espressif/brookesia_hal_interface
      registry_url: https://components.espressif.com
      require: private
      version: 0.8.*
    - name: espressif/brookesia_service_manager
      registry_url: https://components.espressif.com
      require: private
      version: 0.8.*
    source:
      registry_url: https://components.espressif.com/
      type: service
    version: 0.8.4
  espressif/brookesia_service_http:
    component_hash: 501a2ccff2c76005696f513e207de6cea1abd4d2eed630c5c6ac19f5ae11cb6f
    dependencies:
    - name: espressif/brookesia_service_sntp
      registry_url: https://components.espressif.com
      require: private
      version: 0.8.*
    source:
      registry_url: https://components.espressif.com/
      type: service
    version: 0.8.2
  espressif/brookesia_service_manager:
    component_hash: 4d8d063bcb368c77de089c15f494365cf38a4f560313c583d464d58b0bd05aa2
    dependencies:
    - name: espressif/brookesia_lib_utils
      registry_url: https://components.espressif.com
      require: private
      version: 0.8.*
    source:
      registry_url: https://components.espressif.com
      type: service
    version: 0.8.2
  espressif/brookesia_service_sntp:
    component_hash: e91ca36b3ffd4abc97ff7c5b05d3cec574189395115bac2ceffdc5ecb28c515c
    dependencies:
    - name: espressif/brookesia_service_storage
      registry_url: https://components.espressif.com
      require: private
      version: 0.8.*
    source:
      registry_url: https://components.espressif.com/
      type: service
    version: 0.8.2
  espressif/brookesia_service_storage:
    component_hash: 2746c32429841b24b25df6d5469a6fcb190f66917b092c574b796d83e229bcfe
    dependencies:
    - name: espressif/brookesia_service_helper
      registry_url: https://components.espressif.com
      require: private
      version: 0.8.*
    source:
      registry_url: https://components.espressif.com/
      type: service
    version: 0.8.3
  espressif/brookesia_service_usb:
    component_hash: 2e2c737e8bb20099edcfd799096df580566e154844cdaa887a06044ce17bdaa7
    dependencies:
    - name: espressif/brookesia_service_helper
      registry_url: https://components.espressif.com
      require: private
      version: 0.8.*
    source:
      registry_url: https://components.espressif.com
      type: service
    version: 0.8.0
  espressif/brookesia_service_wifi:
    component_hash: 44f63bc4c9814b9a335f66c42a4c9bb360ce4a88e899490fa59683851a22bbea
    dependencies:
    - name: espressif/brookesia_service_storage
      registry_url: https://components.espressif.com
      require: private
      version: 0.8.*
    source:
      registry_url: https://components.espressif.com/
      type: service
    version: 0.8.2
  espressif/brookesia_system_core:
    component_hash: 58764bb8065cba92bf576c788cf6c3bb0964c39eb4758cfe19095972d5a46152
    dependencies:
    - name: espressif/brookesia_gui_interface
      registry_url: https://components.espressif.com
      require: private
      version: 0.8.*
    - name: espressif/brookesia_runtime_manager
      registry_url: https://components.espressif.com
      require: private
      version: 0.8.*
    - name: espressif/brookesia_service_helper
      registry_url: https://components.espressif.com
      require: private
      version: 0.8.*
    - name: espressif/brookesia_service_storage
      registry_url: https://components.espressif.com
      require: private
      version: 0.8.*
    - name: espressif/brookesia_service_usb
      registry_url: https://components.espressif.com
      require: private
      version: 0.8.*
    - name: espressif/zlib
      registry_url: https://components.espressif.com
      require: private
      version: ^1.3.0
    source:
      registry_url: https://components.espressif.com/
      type: service
    version: 0.8.4
  espressif/brookesia_system_super:
    component_hash: 4d9cd6f63c633ac7580525c3ee1fc5e46543be5d35967888780fb67e79928989
    dependencies:
    - name: espressif/brookesia_service_display
      registry_url: https://components.espressif.com
      require: private
      version: 0.8.*
    - name: espressif/brookesia_service_sntp
      registry_url: https://components.espressif.com
      require: private
      version: 0.8.*
    - name: espressif/brookesia_service_storage
      registry_url: https://components.espressif.com
      require: private
      version: 0.8.*
    - name: espressif/brookesia_service_wifi
      registry_url: https://components.espressif.com
      require: private
      version: 0.8.*
    - name: espressif/brookesia_system_core
      registry_url: https://components.espressif.com
      require: private
      version: 0.8.*
    source:
      registry_url: https://components.espressif.com/
      type: service
    version: 0.8.3
  espressif/button:
    component_hash: a1f34e8ed2e61ffef1a230fd9477005c2db335c7e1f6a239f43e5f119dcbe1b0
    dependencies:
    - name: espressif/cmake_utilities
      registry_url: https://components.espressif.com
      require: private
      version: '*'
    - name: idf
      require: private
      version: '>=4.0'
    source:
      registry_url: https://components.espressif.com
      type: service
    version: 4.2.1
  espressif/cjson:
    component_hash: e788323270d90738662d66fffa910bfe1fba019bba087f01557e70c40485b469
    dependencies:
    - name: idf
      require: private
      version: '>=5.0'
    source:
      registry_url: https://components.espressif.com/
      type: service
    version: 1.7.19~2
  espressif/cmake_utilities:
    component_hash: 351350613ceafba240b761b4ea991e0f231ac7a9f59a9ee901f751bddc0bb18f
    dependencies:
    - name: idf
      require: private
      version: '>=4.1'
    source:
      registry_url: https://components.espressif.com
      type: service
    version: 0.5.3
  espressif/eppp_link:
    component_hash: c1369b37f2b0b427b198ae14e07e7547d3da92b95fe4dc7f949e5de560b35f21
    dependencies:
    - name: espressif/esp_serial_slave_link
      registry_url: https://components.espressif.com
      require: private
      version: ^1.1.0
    - name: idf
      require: private
      version: '>=5.2'
    source:
      registry_url: https://components.espressif.com
      type: service
    version: 1.1.6
  espressif/esp-boost:
    component_hash: 332946a64356203e9443a3bae9cec93ef8aab6df37de2f61270c972f238f9b3f
    dependencies:
    - name: idf
      require: private
      version: '>=5.5'
    source:
      registry_url: https://components.espressif.com
      type: service
    version: 0.6.0
  espressif/esp_board_manager:
    component_hash: cd823baf12c50fb94703b5b2ee36aa7bd5a256f16744fcc63eaf3cf995e6fe3e
    dependencies:
    - matches:
      - if: $CONFIG{ESP_BOARD_DEV_BUTTON_SUPPORT} == True
      name: espressif/button
      registry_url: https://components.espressif.com
      require: private
      version: ^4.1.4
    - matches:
      - if: $CONFIG{ESP_BOARD_DEV_AUDIO_CODEC_SUPPORT} == True
      name: espressif/esp_codec_dev
      registry_url: https://components.espressif.com
      require: private
      version: ~1.5
    - matches:
      - if: $CONFIG{ESP_BOARD_DEV_GPIO_EXPANDER_SUPPORT} == True
      name: espressif/esp_io_expander
      registry_url: https://components.espressif.com
      require: private
      version: ^1.0.1
    - matches:
      - if: $CONFIG{ESP_BOARD_DEV_DISPLAY_LCD_SUB_RGB_3WIRE_SPI_SUPPORT} == True
      name: espressif/esp_lcd_panel_io_additions
      registry_url: https://components.espressif.com
      require: private
      version: ^1.0.0
    - matches:
      - if: $CONFIG{ESP_BOARD_DEV_LCD_TOUCH_I2C_SUPPORT} == True
      - if: $CONFIG{ESP_BOARD_DEV_LCD_TOUCH_SUPPORT} == True
      name: espressif/esp_lcd_touch
      registry_url: https://components.espressif.com
      require: private
      version: '*'
    - matches:
      - if: $CONFIG{ESP_BOARD_DEV_CAMERA_SUPPORT} == True
      name: espressif/esp_video
      registry_url: https://components.espressif.com
      require: private
      version: ^2.0.0
    - matches:
      - if: $CONFIG{ESP_BOARD_DEV_LED_STRIP_SUPPORT} == True
      name: espressif/led_strip
      registry_url: https://components.espressif.com
      require: private
      version: '*'
    - matches:
      - if: $CONFIG{ESP_BOARD_DEV_LITTLEFS_SUPPORT} == True
      name: joltwallet/littlefs
      registry_url: https://components.espressif.com
      require: private
      version: ^1.22.1
    source:
      registry_url: https://components.espressif.com
      type: service
    version: 0.5.15
  espressif/esp_codec_dev:
    component_hash: df70f10af8d7b922add7b9d07372c9c97ab356e58d72b7a892050227c2d44348
    dependencies:
    - name: idf
      require: private
      version: '>=4.0'
    source:
      registry_url: https://components.espressif.com
      type: service
    version: 1.5.11
  espressif/esp_hosted:
    component_hash: e23eb702781c804a62909e5394da0641a2bff9adccec6673a7bff60ce8c8b756
    dependencies:
    - name: idf
      require: private
      version: '>=5.3'
    source:
      registry_url: https://components.espressif.com
      type: service
    version: 2.12.3
  espressif/esp_lcd_touch:
    component_hash: 3f85a7d95af876f1a6ecca8eb90a81614890d0f03a038390804e5a77e2caf862
    dependencies:
    - name: idf
      require: private
      version: '>=4.4.2'
    source:
      registry_url: https://components.espressif.com
      type: service
    version: 1.2.1
  espressif/esp_lcd_touch_gt911:
    component_hash: 737bdf29e0823eacf041381e81db2aaf5d378f3b5417df7f415f83319e3e790b
    dependencies:
    - name: espressif/esp_lcd_touch
      registry_url: https://components.espressif.com
      require: public
      version: ^1.2.0
    - name: idf
      require: private
      version: '>=5.2'
    source:
      registry_url: https://components.espressif.com/
      type: service
    version: 1.2.1
  espressif/esp_libsrtp:
    component_hash: 131560184c73ec09f77d8904a2db709307803f0f9f111898921b6966776eac15
    dependencies: []
    source:
      registry_url: https://components.espressif.com
      type: service
    version: 1.0.0
  espressif/esp_lv_decoder:
    component_hash: 331d23c304cea5d1aed0ad3cea7774874dbaeebb2217e8db6bf3cc8485ac9f9f
    dependencies:
    - name: espressif/esp_new_jpeg
      registry_url: https://components.espressif.com
      require: private
      version: 1.*
    - name: espressif/libpng
      registry_url: https://components.espressif.com
      require: private
      version: 1.*
    - name: idf
      require: private
      version: '>=5.3'
    - name: lvgl/lvgl
      registry_url: https://components.espressif.com
      require: private
      version: '>=8,<10'
    source:
      registry_url: https://components.espressif.com
      type: service
    targets:
    - esp32
    - esp32s2
    - esp32s3
    - esp32s31
    - esp32p4
    - esp32c2
    - esp32c3
    - esp32c5
    - esp32c6
    - esp32c61
    - esp32h4
    version: 0.4.3
  espressif/esp_lv_fs:
    component_hash: 66896007884b817df34c964f9a114fff538ee2674e99fee7159162498b93f94b
    dependencies:
    - name: espressif/cmake_utilities
      registry_url: https://components.espressif.com
      require: private
      version: 0.*
    - name: espressif/esp_mmap_assets
      registry_url: https://components.espressif.com
      require: private
      version: '>=1.2'
    - name: idf
      require: private
      version: '>=4.4'
    - name: lvgl/lvgl
      registry_url: https://components.espressif.com
      require: private
      version: '>=8,<10'
    source:
      registry_url: https://components.espressif.com
      type: service
    version: 1.0.1
  espressif/esp_lvgl_adapter:
    component_hash: bcb316bedda9e934d32567082a969a8e8f8f406dd32d23c359a299249dc18e81
    dependencies:
    - name: espressif/button
      registry_url: https://components.espressif.com
      require: public
      version: 4.*
    - name: espressif/esp_lcd_touch
      registry_url: https://components.espressif.com
      require: public
      version: 1.*
    - name: espressif/esp_lv_decoder
      registry_url: https://components.espressif.com
      require: public
      version: 0.*
    - name: espressif/esp_lv_fs
      registry_url: https://components.espressif.com
      require: public
      version: 1.*
    - name: espressif/freetype
      registry_url: https://components.espressif.com
      require: public
      version: 2.*
    - name: espressif/knob
      registry_url: https://components.espressif.com
      require: public
      version: 1.*
    - name: idf
      require: private
      version: '>=5.5'
    - name: lvgl/lvgl
      registry_url: https://components.espressif.com
      require: private
      version: '>=8,<10'
    source:
      registry_url: https://components.espressif.com
      type: service
    version: 0.6.4
  espressif/esp_mmap_assets:
    component_hash: 42310c362596de2a37248c2937b1754bc29cd0356b9839e2a77cf791e6bcdde1
    dependencies:
    - name: espressif/cmake_utilities
      registry_url: https://components.espressif.com
      require: private
      version: 0.*
    - name: idf
      require: private
      version: '>=5.0'
    source:
      registry_url: https://components.espressif.com
      type: service
    version: 2.0.1
  espressif/esp_new_jpeg:
    component_hash: e1e7e6991193c41ed6c9fc386702aa7821433319e7aa9c3147cd3236310cd69c
    dependencies: []
    source:
      registry_url: https://components.espressif.com
      type: service
    targets:
    - esp32
    - esp32s2
    - esp32s3
    - esp32s31
    - esp32p4
    - esp32c2
    - esp32c3
    - esp32c5
    - esp32c6
    - esp32c61
    - esp32h4
    version: 1.0.2
  espressif/esp_peer:
    component_hash: e29d65a3d2eba15f761e7d2740ab62650384edff27a1f8277dd6ccfa45813863
    dependencies:
    - name: espressif/esp_libsrtp
      registry_url: https://components.espressif.com
      require: private
      version: ^1.0.0
    source:
      registry_url: https://components.espressif.com
      type: service
    version: 1.5.6
  espressif/esp_serial_slave_link:
    component_hash: ac1776806de0a6e371c84e87898bb983e19ce62aa7f1e2e5c4a3b0234a575d2c
    dependencies:
    - name: idf
      require: private
      version: '>=5.0'
    source:
      registry_url: https://components.espressif.com
      type: service
    version: 1.1.2
  espressif/esp_wifi_remote:
    component_hash: faa185898a843b9d7d0456e4094a3b5f1491a48ddd57ce0e5179e13ac6243f2c
    dependencies:
    - name: espressif/esp_hosted
      registry_url: https://components.espressif.com
      require: private
      rules:
      - if: target in [esp32h2, esp32p4]
      version: '>=2.11'
    - name: espressif/wifi_remote_over_eppp
      registry_url: https://components.espressif.com
      require: private
      version: '>=0.1'
    - name: idf
      require: private
      version: '>=5.3'
    source:
      registry_url: https://components.espressif.com
      type: service
    version: 1.6.5
  espressif/freetype:
    component_hash: aa9f7657a69b2b1c1f49044017fc424081d4e0fe6e97834cb43883548d44e3ca
    dependencies:
    - name: idf
      require: private
      version: '>=5.1'
    source:
      registry_url: https://components.espressif.com
      type: service
    version: 2.14.3~1
  espressif/knob:
    component_hash: b56694054cd34a683ac2a6f3661963ba00b1dab741a4f3bb59ed6666cbc9f3fb
    dependencies:
    - name: espressif/cmake_utilities
      registry_url: https://components.espressif.com
      require: private
      version: 0.*
    - name: idf
      require: private
      version: '>=4.4.1'
    source:
      registry_url: https://components.espressif.com
      type: service
    version: 1.1.0
  espressif/libpng:
    component_hash: d094357a329f78668629d7c9656064b2b0123196eb6d25ca77db3782e0752480
    dependencies:
    - name: idf
      require: private
      version: '>=5.1'
    - name: espressif/zlib
      registry_url: https://components.espressif.com
      require: private
      version: ^1.2.13
    source:
      registry_url: https://components.espressif.com
      type: service
    version: 1.6.58~2
  espressif/quickjs-ng:
    component_hash: 51ead31abca34af01a44df24128e9ea10331cf35beb976a18fae62a03d36d6e2
    dependencies:
    - name: idf
      require: private
      version: '>=5.4'
    source:
      registry_url: https://components.espressif.com
      type: service
    version: 0.14.0
  espressif/usb:
    component_hash: 6c2cff118141dbbca181d0d27d71801fdddfc78f7ac03ae43f6e5a8cbd89cb99
    dependencies:
    - name: idf
      require: private
      version: '>=5.5.3'
    source:
      registry_url: https://components.espressif.com
      type: service
    targets:
    - esp32s2
    - esp32s3
    - esp32s31
    - esp32p4
    - esp32h4
    - linux
    version: 1.5.0
  espressif/wifi_remote_over_eppp:
    component_hash: 1fd6968af20f0b19e421f6b519b0a8caf81d689afc3783b564c28559e45f66ef
    dependencies:
    - name: espressif/eppp_link
      registry_url: https://components.espressif.com
      require: private
      version: '>=0.1'
    - name: idf
      require: private
      version: '>=5.3'
    source:
      registry_url: https://components.espressif.com
      type: service
    version: 0.3.3
  espressif/zlib:
    component_hash: 9083cada65f1c9d298ef92266232d071c6f2f335164e2799554b3eae73aedc55
    dependencies:
    - name: idf
      require: private
      version: '>=5.1'
    source:
      registry_url: https://components.espressif.com
      type: service
    version: 1.3.2~1
  idf:
    source:
      type: idf
    version: 6.0.1
  joltwallet/littlefs:
    component_hash: 3af20a3d75c49db9dc2286fd50862c34055c9f578419ad1f2bf7ed3ed01391fe
    dependencies:
    - name: idf
      require: private
      version: '>=5.0'
    source:
      registry_url: https://components.espressif.com
      type: service
    version: 1.22.3
  lvgl/lvgl:
    component_hash: 184e532558c1c45fefed631f3e235423d22582aafb4630f3e8885c35281a49ae
    dependencies: []
    source:
      registry_url: https://components.espressif.com
      type: service
    version: 9.5.0
  waveshare/esp32_p4_wifi6_touch_lcd_4b:
    component_hash: c94a096d73c3579d2b1e92e4caf573026bb8f1701b3c005a289edc032ce86e75
    dependencies:
    - name: espressif/esp_codec_dev
      registry_url: https://components.espressif.com
      require: public
      version: ~1.5
    - name: espressif/esp_lcd_touch_gt911
      registry_url: https://components.espressif.com
      require: private
      version: ^1
    - name: espressif/esp_lvgl_adapter
      registry_url: https://components.espressif.com
      require: public
      version: ~0.6
    - name: idf
      require: private
      version: '>=5.5'
    - name: lvgl/lvgl
      registry_url: https://components.espressif.com
      require: private
      version: '>=8,<10'
    - name: espressif/usb
      registry_url: https://components.espressif.com
      require: public
      rules:
      - if: idf_version >=6.0
      version: ^1.0.0
    - name: waveshare/esp_lcd_st7703
      registry_url: https://components.espressif.com
      require: private
      version: ^2.0.0
    source:
      registry_url: https://components.espressif.com/
      type: service
    targets:
    - esp32p4
    version: 3.0.1
  waveshare/esp_lcd_st7703:
    component_hash: d82de85750df3c6c9bfae4c49fdf8cc443e2387cb19507081968f71c11976378
    dependencies:
    - name: espressif/cmake_utilities
      registry_url: https://components.espressif.com
      require: private
      version: 0.*
    - name: idf
      require: private
      version: '>=5.3'
    source:
      registry_url: https://components.espressif.com/
      type: service
    targets:
    - esp32p4
    version: 2.0.0
direct_dependencies:
- espressif/brookesia_agent_openai
- espressif/brookesia_app_files
- espressif/brookesia_app_settings
- espressif/brookesia_app_store
- espressif/brookesia_gui_lvgl
- espressif/brookesia_hal_adaptor
- espressif/brookesia_hal_boards
- espressif/brookesia_hal_interface
- espressif/brookesia_runtime_js
- espressif/brookesia_service_audio
- espressif/brookesia_service_device
- espressif/brookesia_service_display
- espressif/brookesia_service_helper
- espressif/brookesia_service_http
- espressif/brookesia_service_sntp
- espressif/brookesia_service_storage
- espressif/brookesia_service_wifi
- espressif/brookesia_system_core
- espressif/brookesia_system_super
- espressif/cjson
- espressif/esp_lcd_touch_gt911
- idf
- waveshare/esp32_p4_wifi6_touch_lcd_4b
- waveshare/esp_lcd_st7703
manifest_hash: a561854927865ab09dfa08d339109e4d8b1ae58031b560a57277806b25d4dffd
target: esp32p4
version: 3.0.0
